
Microsoft Visual Studio Solution File, Format Version 12.00
# Visual Studio Version 16
VisualStudioVersion = 16.0.31624.102
MinimumVisualStudioVersion = 10.0.40219.1
Project("{FAE04EC0-301F-11D3-BF4B-00C04F79EFBC}") = "MongoDBDEMO", "MongoDBDEMO\MongoDBDEMO.csproj", "{EB75492E-4ED2-47D4-B1A8-BFC5BE4338DD}"
EndProject
Global
	GlobalSection(SolutionConfigurationPlatforms) = preSolution
		Debug|Any CPU = Debug|Any CPU
		Release|Any CPU = Release|Any CPU
	EndGlobalSection
	GlobalSection(ProjectConfigurationPlatforms) = postSolution
		{EB75492E-4ED2-47D4-B1A8-BFC5BE4338DD}.Debug|Any CPU.ActiveCfg = Debug|Any CPU
		{EB75492E-4ED2-47D4-B1A8-BFC5BE4338DD}.Debug|Any CPU.Build.0 = Debug|Any CPU
		{EB75492E-4ED2-47D4-B1A8-BFC5BE4338DD}.Release|Any CPU.ActiveCfg = Release|Any CPU
		{EB75492E-4ED2-47D4-B1A8-BFC5BE4338DD}.Release|Any CPU.Build.0 = Release|Any CPU
	EndGlobalSection
	GlobalSection(SolutionProperties) = preSolution
		HideSolutionNode = FALSE
	EndGlobalSection
	GlobalSection(ExtensibilityGlobals) = postSolution
		SolutionGuid = {99BF63D8-A280-47FC-9852-CD57047BE514}
	EndGlobalSection
EndGlobal
